{
  "name": "eslint-config-adapters",
  "version": "1.0.0",
  "lockfileVersion": 1,
  "requires": true,
  "dependencies": {
    "eslint-config-base": {
      "version": "git+https://github.com/indexexchange/eslint-config-base.git#33508b8c3e4763e29f863da765a12f320fe18156",
      "from": "git+https://github.com/indexexchange/eslint-config-base.git"
    }
  }
}
